
Microsoft Visual Studio Solution File, Format Version 12.00
# Visual Studio 2012
Project("{FAE04EC0-301F-11D3-BF4B-00C04F79EFBC}") = "DependencySharp", "DependencySharp\DependencySharp.csproj", "{AA4D9AF3-9880-4595-BEA4-353A65C74191}"
EndProject
Project("{FAE04EC0-301F-11D3-BF4B-00C04F79EFBC}") = "DependencySharp.UnitTests", "DependencySharp.UnitTests\DependencySharp.UnitTests.csproj", "{FE3BD36B-0396-4F70-8DC9-365EED153F65}"
EndProject
Project("{2150E333-8FDC-42A3-9474-1A3956D46DE8}") = "scripts", "scripts", "{F51EE63D-23E3-4524-BA83-E312C272AF8E}"
	ProjectSection(SolutionItems) = preProject
		..\scripts\build-release.bat = ..\scripts\build-release.bat
	EndProjectSection
EndProject
Project("{2150E333-8FDC-42A3-9474-1A3956D46DE8}") = "nuget", "nuget", "{E34ECC94-D4A8-4E0D-8BA8-9F8499EEA859}"
	ProjectSection(SolutionItems) = preProject
		..\nuget\DependencySharp.nuspec = ..\nuget\DependencySharp.nuspec
	EndProjectSection
EndProject
Global
	GlobalSection(SolutionConfigurationPlatforms) = preSolution
		Debug|Any CPU = Debug|Any CPU
		Release|Any CPU = Release|Any CPU
	EndGlobalSection
	GlobalSection(ProjectConfigurationPlatforms) = postSolution
		{AA4D9AF3-9880-4595-BEA4-353A65C74191}.Debug|Any CPU.ActiveCfg = Debug|Any CPU
		{AA4D9AF3-9880-4595-BEA4-353A65C74191}.Debug|Any CPU.Build.0 = Debug|Any CPU
		{AA4D9AF3-9880-4595-BEA4-353A65C74191}.Release|Any CPU.ActiveCfg = Release|Any CPU
		{AA4D9AF3-9880-4595-BEA4-353A65C74191}.Release|Any CPU.Build.0 = Release|Any CPU
		{FE3BD36B-0396-4F70-8DC9-365EED153F65}.Debug|Any CPU.ActiveCfg = Debug|Any CPU
		{FE3BD36B-0396-4F70-8DC9-365EED153F65}.Debug|Any CPU.Build.0 = Debug|Any CPU
		{FE3BD36B-0396-4F70-8DC9-365EED153F65}.Release|Any CPU.ActiveCfg = Release|Any CPU
		{FE3BD36B-0396-4F70-8DC9-365EED153F65}.Release|Any CPU.Build.0 = Release|Any CPU
	EndGlobalSection
	GlobalSection(SolutionProperties) = preSolution
		HideSolutionNode = FALSE
	EndGlobalSection
EndGlobal
